
Microsoft Visual Studio Solution File, Format Version 12.00
# Visual Studio Version 17
VisualStudioVersion = 17.3.32825.248
MinimumVisualStudioVersion = 10.0.40219.1
Project("{FAE04EC0-301F-11D3-BF4B-00C04F79EFBC}") = "NotDefteriApi", "NotDefteriApi\NotDefteriApi.csproj", "{E3AF97DA-5CE7-407F-9393-85DADCDA231B}"
EndProject
Global
	GlobalSection(SolutionConfigurationPlatforms) = preSolution
		Debug|Any CPU = Debug|Any CPU
		Release|Any CPU = Release|Any CPU
	EndGlobalSection
	GlobalSection(ProjectConfigurationPlatforms) = postSolution
		{E3AF97DA-5CE7-407F-9393-85DADCDA231B}.Debug|Any CPU.ActiveCfg = Debug|Any CPU
		{E3AF97DA-5CE7-407F-9393-85DADCDA231B}.Debug|Any CPU.Build.0 = Debug|Any CPU
		{E3AF97DA-5CE7-407F-9393-85DADCDA231B}.Release|Any CPU.ActiveCfg = Release|Any CPU
		{E3AF97DA-5CE7-407F-9393-85DADCDA231B}.Release|Any CPU.Build.0 = Release|Any CPU
	EndGlobalSection
	GlobalSection(SolutionProperties) = preSolution
		HideSolutionNode = FALSE
	EndGlobalSection
	GlobalSection(ExtensibilityGlobals) = postSolution
		SolutionGuid = {7D002B37-CEF7-40C3-9AAE-B9B72BD840CF}
	EndGlobalSection
EndGlobal
